
Microsoft Visual Studio Solution File, Format Version 12.00
# Visual Studio Version 16
VisualStudioVersion = 16.0.31112.23
MinimumVisualStudioVersion = 10.0.40219.1
Project("{FAE04EC0-301F-11D3-BF4B-00C04F79EFBC}") = "UserIn3", "UserIn3\UserIn3.csproj", "{1FCE912F-25B4-4C3C-86A5-4C8278440C53}"
EndProject
Global
	GlobalSection(SolutionConfigurationPlatforms) = preSolution
		Debug|Any CPU = Debug|Any CPU
		Release|Any CPU = Release|Any CPU
	EndGlobalSection
	GlobalSection(ProjectConfigurationPlatforms) = postSolution
		{1FCE912F-25B4-4C3C-86A5-4C8278440C53}.Debug|Any CPU.ActiveCfg = Debug|Any CPU
		{1FCE912F-25B4-4C3C-86A5-4C8278440C53}.Debug|Any CPU.Build.0 = Debug|Any CPU
		{1FCE912F-25B4-4C3C-86A5-4C8278440C53}.Release|Any CPU.ActiveCfg = Release|Any CPU
		{1FCE912F-25B4-4C3C-86A5-4C8278440C53}.Release|Any CPU.Build.0 = Release|Any CPU
	EndGlobalSection
	GlobalSection(SolutionProperties) = preSolution
		HideSolutionNode = FALSE
	EndGlobalSection
	GlobalSection(ExtensibilityGlobals) = postSolution
		SolutionGuid = {54EA867E-977B-4E62-9B69-7F930E2991D5}
	EndGlobalSection
EndGlobal
