
Microsoft Visual Studio Solution File, Format Version 12.00
# Visual Studio Version 16
VisualStudioVersion = 16.0.31112.23
MinimumVisualStudioVersion = 10.0.40219.1
Project("{FAE04EC0-301F-11D3-BF4B-00C04F79EFBC}") = "WpfHelloNav", "WpfHelloNav\WpfHelloNav.csproj", "{B9420EC1-7BFC-4D92-8C00-F849EF7467DF}"
EndProject
Global
	GlobalSection(SolutionConfigurationPlatforms) = preSolution
		Debug|Any CPU = Debug|Any CPU
		Release|Any CPU = Release|Any CPU
	EndGlobalSection
	GlobalSection(ProjectConfigurationPlatforms) = postSolution
		{B9420EC1-7BFC-4D92-8C00-F849EF7467DF}.Debug|Any CPU.ActiveCfg = Debug|Any CPU
		{B9420EC1-7BFC-4D92-8C00-F849EF7467DF}.Debug|Any CPU.Build.0 = Debug|Any CPU
		{B9420EC1-7BFC-4D92-8C00-F849EF7467DF}.Release|Any CPU.ActiveCfg = Release|Any CPU
		{B9420EC1-7BFC-4D92-8C00-F849EF7467DF}.Release|Any CPU.Build.0 = Release|Any CPU
	EndGlobalSection
	GlobalSection(SolutionProperties) = preSolution
		HideSolutionNode = FALSE
	EndGlobalSection
	GlobalSection(ExtensibilityGlobals) = postSolution
		SolutionGuid = {6B6C5C4A-5D4A-4BB9-9906-CDE7EBC30BE2}
	EndGlobalSection
EndGlobal
