
Microsoft Visual Studio Solution File, Format Version 12.00
# Visual Studio Version 16
VisualStudioVersion = 16.0.31112.23
MinimumVisualStudioVersion = 10.0.40219.1
Project("{FAE04EC0-301F-11D3-BF4B-00C04F79EFBC}") = "WpfRoutedEvent_2_1", "WpfRoutedEvent_2_1\WpfRoutedEvent_2_1.csproj", "{0FB18DFF-08D7-49E1-99EA-233AADC9A4AF}"
EndProject
Global
	GlobalSection(SolutionConfigurationPlatforms) = preSolution
		Debug|Any CPU = Debug|Any CPU
		Release|Any CPU = Release|Any CPU
	EndGlobalSection
	GlobalSection(ProjectConfigurationPlatforms) = postSolution
		{0FB18DFF-08D7-49E1-99EA-233AADC9A4AF}.Debug|Any CPU.ActiveCfg = Debug|Any CPU
		{0FB18DFF-08D7-49E1-99EA-233AADC9A4AF}.Debug|Any CPU.Build.0 = Debug|Any CPU
		{0FB18DFF-08D7-49E1-99EA-233AADC9A4AF}.Release|Any CPU.ActiveCfg = Release|Any CPU
		{0FB18DFF-08D7-49E1-99EA-233AADC9A4AF}.Release|Any CPU.Build.0 = Release|Any CPU
	EndGlobalSection
	GlobalSection(SolutionProperties) = preSolution
		HideSolutionNode = FALSE
	EndGlobalSection
	GlobalSection(ExtensibilityGlobals) = postSolution
		SolutionGuid = {E717411C-E95D-4949-869D-3AE672969135}
	EndGlobalSection
EndGlobal
